
Microsoft Visual Studio Solution File, Format Version 12.00
# Visual Studio Version 16
VisualStudioVersion = 16.0.30225.117
MinimumVisualStudioVersion = 10.0.40219.1
Project("{FAE04EC0-301F-11D3-BF4B-00C04F79EFBC}") = "Practice", "Practice\Practice.csproj", "{96B3F3A7-D80B-416B-84DF-B66E1BC1259B}"
EndProject
Global
	GlobalSection(SolutionConfigurationPlatforms) = preSolution
		Debug|Any CPU = Debug|Any CPU
		Release|Any CPU = Release|Any CPU
	EndGlobalSection
	GlobalSection(ProjectConfigurationPlatforms) = postSolution
		{96B3F3A7-D80B-416B-84DF-B66E1BC1259B}.Debug|Any CPU.ActiveCfg = Debug|Any CPU
		{96B3F3A7-D80B-416B-84DF-B66E1BC1259B}.Debug|Any CPU.Build.0 = Debug|Any CPU
		{96B3F3A7-D80B-416B-84DF-B66E1BC1259B}.Release|Any CPU.ActiveCfg = Release|Any CPU
		{96B3F3A7-D80B-416B-84DF-B66E1BC1259B}.Release|Any CPU.Build.0 = Release|Any CPU
	EndGlobalSection
	GlobalSection(SolutionProperties) = preSolution
		HideSolutionNode = FALSE
	EndGlobalSection
	GlobalSection(ExtensibilityGlobals) = postSolution
		SolutionGuid = {AF7D1213-AB6E-4D0D-829D-EE64B29723CB}
	EndGlobalSection
EndGlobal
